
Microsoft Visual Studio Solution File, Format Version 12.00
# Visual Studio 15
VisualStudioVersion = 15.0.28307.329
MinimumVisualStudioVersion = 10.0.40219.1
Project("{FAE04EC0-301F-11D3-BF4B-00C04F79EFBC}") = "RazorPagesMovie", "RazorPagesMovie\RazorPagesMovie.csproj", "{9F091531-E1CB-4A26-831D-EA98DF10C868}"
EndProject
Project("{2150E333-8FDC-42A3-9474-1A3956D46DE8}") = "Models", "Models", "{354FF506-3A51-401F-A3EF-FB5E72CA2CD2}"
	ProjectSection(SolutionItems) = preProject
		Movie.cs = Movie.cs
	EndProjectSection
EndProject
Global
	GlobalSection(SolutionConfigurationPlatforms) = preSolution
		Debug|Any CPU = Debug|Any CPU
		Release|Any CPU = Release|Any CPU
	EndGlobalSection
	GlobalSection(ProjectConfigurationPlatforms) = postSolution
		{9F091531-E1CB-4A26-831D-EA98DF10C868}.Debug|Any CPU.ActiveCfg = Debug|Any CPU
		{9F091531-E1CB-4A26-831D-EA98DF10C868}.Debug|Any CPU.Build.0 = Debug|Any CPU
		{9F091531-E1CB-4A26-831D-EA98DF10C868}.Release|Any CPU.ActiveCfg = Release|Any CPU
		{9F091531-E1CB-4A26-831D-EA98DF10C868}.Release|Any CPU.Build.0 = Release|Any CPU
	EndGlobalSection
	GlobalSection(SolutionProperties) = preSolution
		HideSolutionNode = FALSE
	EndGlobalSection
	GlobalSection(ExtensibilityGlobals) = postSolution
		SolutionGuid = {DE6CCE35-B5EB-460A-87E0-E423808F8CAD}
	EndGlobalSection
EndGlobal
